
Microsoft Visual Studio Solution File, Format Version 12.00
# Visual Studio Version 17
VisualStudioVersion = 17.8.34330.188
MinimumVisualStudioVersion = 10.0.40219.1
Project("{FAE04EC0-301F-11D3-BF4B-00C04F79EFBC}") = "EBlog.Core", "EBlog.Core\EBlog.Core.csproj", "{D747AF83-750F-4D73-BB8C-B2879D2A3C0B}"
EndProject
Project("{FAE04EC0-301F-11D3-BF4B-00C04F79EFBC}") = "EBlog.Repo", "EBlog.Repo\EBlog.Repo.csproj", "{13D0BB82-240B-41CE-929F-225AF1E92DD8}"
EndProject
Project("{FAE04EC0-301F-11D3-BF4B-00C04F79EFBC}") = "EBlog.Service", "EBlog.Service\EBlog.Service.csproj", "{69C9DF0F-FC32-4CBF-830A-76A6BCB1F671}"
EndProject
Project("{FAE04EC0-301F-11D3-BF4B-00C04F79EFBC}") = "EBlog.IO", "EBlog.IO\EBlog.IO.csproj", "{A7D814FB-6830-4B6C-B060-B34C20761187}"
EndProject
Project("{FAE04EC0-301F-11D3-BF4B-00C04F79EFBC}") = "EBlog.AdminIO", "EBlog.AdminIO\EBlog.AdminIO.csproj", "{C762273D-A632-47AF-ABC0-3B5FE4EB449B}"
EndProject
Global
	GlobalSection(SolutionConfigurationPlatforms) = preSolution
		Debug|Any CPU = Debug|Any CPU
		Release|Any CPU = Release|Any CPU
	EndGlobalSection
	GlobalSection(ProjectConfigurationPlatforms) = postSolution
		{D747AF83-750F-4D73-BB8C-B2879D2A3C0B}.Debug|Any CPU.ActiveCfg = Debug|Any CPU
		{D747AF83-750F-4D73-BB8C-B2879D2A3C0B}.Debug|Any CPU.Build.0 = Debug|Any CPU
		{D747AF83-750F-4D73-BB8C-B2879D2A3C0B}.Release|Any CPU.ActiveCfg = Release|Any CPU
		{D747AF83-750F-4D73-BB8C-B2879D2A3C0B}.Release|Any CPU.Build.0 = Release|Any CPU
		{13D0BB82-240B-41CE-929F-225AF1E92DD8}.Debug|Any CPU.ActiveCfg = Debug|Any CPU
		{13D0BB82-240B-41CE-929F-225AF1E92DD8}.Debug|Any CPU.Build.0 = Debug|Any CPU
		{13D0BB82-240B-41CE-929F-225AF1E92DD8}.Release|Any CPU.ActiveCfg = Release|Any CPU
		{13D0BB82-240B-41CE-929F-225AF1E92DD8}.Release|Any CPU.Build.0 = Release|Any CPU
		{69C9DF0F-FC32-4CBF-830A-76A6BCB1F671}.Debug|Any CPU.ActiveCfg = Debug|Any CPU
		{69C9DF0F-FC32-4CBF-830A-76A6BCB1F671}.Debug|Any CPU.Build.0 = Debug|Any CPU
		{69C9DF0F-FC32-4CBF-830A-76A6BCB1F671}.Release|Any CPU.ActiveCfg = Release|Any CPU
		{69C9DF0F-FC32-4CBF-830A-76A6BCB1F671}.Release|Any CPU.Build.0 = Release|Any CPU
		{A7D814FB-6830-4B6C-B060-B34C20761187}.Debug|Any CPU.ActiveCfg = Debug|Any CPU
		{A7D814FB-6830-4B6C-B060-B34C20761187}.Debug|Any CPU.Build.0 = Debug|Any CPU
		{A7D814FB-6830-4B6C-B060-B34C20761187}.Release|Any CPU.ActiveCfg = Release|Any CPU
		{A7D814FB-6830-4B6C-B060-B34C20761187}.Release|Any CPU.Build.0 = Release|Any CPU
		{C762273D-A632-47AF-ABC0-3B5FE4EB449B}.Debug|Any CPU.ActiveCfg = Debug|Any CPU
		{C762273D-A632-47AF-ABC0-3B5FE4EB449B}.Debug|Any CPU.Build.0 = Debug|Any CPU
		{C762273D-A632-47AF-ABC0-3B5FE4EB449B}.Release|Any CPU.ActiveCfg = Release|Any CPU
		{C762273D-A632-47AF-ABC0-3B5FE4EB449B}.Release|Any CPU.Build.0 = Release|Any CPU
	EndGlobalSection
	GlobalSection(SolutionProperties) = preSolution
		HideSolutionNode = FALSE
	EndGlobalSection
	GlobalSection(ExtensibilityGlobals) = postSolution
		SolutionGuid = {1B30DA94-FB03-449D-AC3D-AFEE77878CCE}
	EndGlobalSection
EndGlobal
